# THIS IS AN AUTOGENERATED FILE. DO NOT EDIT THIS FILE DIRECTLY.
# yarn lockfile v1


"@fortawesome/fontawesome-free@^5.8.1":
  version "5.12.1"
  resolved "https://registry.yarnpkg.com/@fortawesome/fontawesome-free/-/fontawesome-free-5.12.1.tgz#2a98fea9fbb8a606ddc79a4680034e9d5591c550"
  integrity sha512-ZtjIIFplxncqxvogq148C3hBLQE+W3iJ8E4UvJ09zIJUgzwLcROsWwFDErVSXY2Plzao5J9KUYNHKHMEUYDMKw==

jquery.are-you-sure@^1.9.0:
  version "1.9.0"
  resolved "https://registry.yarnpkg.com/jquery.are-you-sure/-/jquery.are-you-sure-1.9.0.tgz#16aaa2c6080fa214f64027239ae3a34ad6a6265e"
  integrity sha512-2r0uFx8CyAopjeHGOdvvwpFP921TnW1+v1uJXcAWQYHYGB1tryTDhQY+5u6HsVeMwbWiRTKVZFWnLaFpDvIqZQ==
  dependencies:
    jquery ">=1.4.2"

jquery@>=1.2.6, jquery@>=1.4.2:
  version "3.5.0"
  resolved "https://registry.yarnpkg.com/jquery/-/jquery-3.5.0.tgz#9980b97d9e4194611c36530e7dc46a58d7340fc9"
  integrity sha512-Xb7SVYMvygPxbFMpTFQiHh1J7HClEaThguL15N/Gg37Lri/qKyhRGZYzHRyLH8Stq3Aow0LsHO2O2ci86fCrNQ==

tablesorter@^2.31.1:
  version "2.31.3"
  resolved "https://registry.yarnpkg.com/tablesorter/-/tablesorter-2.31.3.tgz#94c33234ba0e5d9efc5ba4e48651010a396c8b64"
  integrity sha512-ueEzeKiMajDcCWnUoT1dOeNEaS1OmPh9+8J0O2Sjp3TTijMygH74EA9QNJiNkLJqULyNU0RhbKY26UMUq9iurA==
  dependencies:
    jquery ">=1.2.6"
