# THIS IS AN AUTOGENERATED FILE. DO NOT EDIT THIS FILE DIRECTLY.
# yarn lockfile v1


"@fortawesome/fontawesome-free@^6.7.2":
  version "6.7.2"
  resolved "https://registry.yarnpkg.com/@fortawesome/fontawesome-free/-/fontawesome-free-6.7.2.tgz#8249de9b7e22fcb3ceb5e66090c30a1d5492b81a"
  integrity sha512-JUOtgFW6k9u4Y+xeIaEiLr3+cjoUPiAuLXoyKOJSia6Duzb7pq+A76P9ZdPDoAoxHdHzq6gE9/jKBGXlZT8FbA==

bootstrap@^5.0.0:
  version "5.0.0"
  resolved "https://registry.yarnpkg.com/bootstrap/-/bootstrap-5.0.0.tgz#97635ac0e0d6cb466700ebf0fd266bfabf352ed2"
  integrity sha512-tmhPET9B9qCl8dCofvHeiIhi49iBt0EehmIsziZib65k1erBW1rHhj2s/2JsuQh5Pq+xz2E9bEbzp9B7xHG+VA==

jquery.are-you-sure@^1.9.0:
  version "1.9.0"
  resolved "https://registry.yarnpkg.com/jquery.are-you-sure/-/jquery.are-you-sure-1.9.0.tgz#16aaa2c6080fa214f64027239ae3a34ad6a6265e"
  integrity sha512-2r0uFx8CyAopjeHGOdvvwpFP921TnW1+v1uJXcAWQYHYGB1tryTDhQY+5u6HsVeMwbWiRTKVZFWnLaFpDvIqZQ==
  dependencies:
    jquery ">=1.4.2"

jquery@>=1.2.6, jquery@>=1.4.2, jquery@^3.7.1:
  version "3.7.1"
  resolved "https://registry.yarnpkg.com/jquery/-/jquery-3.7.1.tgz#083ef98927c9a6a74d05a6af02806566d16274de"
  integrity sha512-m4avr8yL8kmFN8psrbFFFmB/If14iN5o9nw/NgnnM+kybDJpRsAynV2BsfpTYrTRysYUdADVD7CkUUizgkpLfg==

popper.js@^1.16.1:
  version "1.16.1"
  resolved "https://registry.yarnpkg.com/popper.js/-/popper.js-1.16.1.tgz#2a223cb3dc7b6213d740e40372be40de43e65b1b"
  integrity sha512-Wb4p1J4zyFTbM+u6WuO4XstYx4Ky9Cewe4DWrel7B0w6VVICvPwdOpotjzcf6eD8TsckVnIMNONQyPIUFOUbCQ==

tablesorter@^2.32.0:
  version "2.32.0"
  resolved "https://registry.yarnpkg.com/tablesorter/-/tablesorter-2.32.0.tgz#ac20f847a6c70458bceb0a8f4bb1f40810cacba9"
  integrity sha512-tKjx6H+ZVoxND5ukDIVvF4AKEIw0ZJde/e6YlAZlUOKI0o0xD2RZLTb2tKB1hiDHkHGLHGQ7ndvd0Pnkj5Xzjw==
  dependencies:
    jquery ">=1.2.6"
